
Microsoft Visual Studio Solution File, Format Version 12.00
# Visual Studio Version 16
VisualStudioVersion = 16.0.31129.286
MinimumVisualStudioVersion = 10.0.40219.1
Project("{9A19103F-16F7-4668-BE54-9A1E7A4F7556}") = "KhoaLuanTotNghiep_BackEnd", "KhoaLuanTotNghiep\KhoaLuanTotNghiep_BackEnd.csproj", "{35DA7088-B271-48B5-8807-502CF1FB3D9B}"
EndProject
Project("{9A19103F-16F7-4668-BE54-9A1E7A4F7556}") = "KhoaLuanTotNghiep_CustomerSite", "KhoaLuanTotNghiep_CustomerSite\KhoaLuanTotNghiep_CustomerSite.csproj", "{1AED08EF-8BDB-4126-8BB7-6E3F6150D066}"
EndProject
Project("{FAE04EC0-301F-11D3-BF4B-00C04F79EFBC}") = "ShareModel", "ShareModel\ShareModel.csproj", "{7FBA9DAB-3E49-4737-AE31-CB4B9A879478}"
EndProject
Global
	GlobalSection(SolutionConfigurationPlatforms) = preSolution
		Debug|Any CPU = Debug|Any CPU
		Release|Any CPU = Release|Any CPU
	EndGlobalSection
	GlobalSection(ProjectConfigurationPlatforms) = postSolution
		{35DA7088-B271-48B5-8807-502CF1FB3D9B}.Debug|Any CPU.ActiveCfg = Debug|Any CPU
		{35DA7088-B271-48B5-8807-502CF1FB3D9B}.Debug|Any CPU.Build.0 = Debug|Any CPU
		{35DA7088-B271-48B5-8807-502CF1FB3D9B}.Release|Any CPU.ActiveCfg = Release|Any CPU
		{35DA7088-B271-48B5-8807-502CF1FB3D9B}.Release|Any CPU.Build.0 = Release|Any CPU
		{1AED08EF-8BDB-4126-8BB7-6E3F6150D066}.Debug|Any CPU.ActiveCfg = Debug|Any CPU
		{1AED08EF-8BDB-4126-8BB7-6E3F6150D066}.Debug|Any CPU.Build.0 = Debug|Any CPU
		{1AED08EF-8BDB-4126-8BB7-6E3F6150D066}.Release|Any CPU.ActiveCfg = Release|Any CPU
		{1AED08EF-8BDB-4126-8BB7-6E3F6150D066}.Release|Any CPU.Build.0 = Release|Any CPU
		{7FBA9DAB-3E49-4737-AE31-CB4B9A879478}.Debug|Any CPU.ActiveCfg = Debug|Any CPU
		{7FBA9DAB-3E49-4737-AE31-CB4B9A879478}.Debug|Any CPU.Build.0 = Debug|Any CPU
		{7FBA9DAB-3E49-4737-AE31-CB4B9A879478}.Release|Any CPU.ActiveCfg = Release|Any CPU
		{7FBA9DAB-3E49-4737-AE31-CB4B9A879478}.Release|Any CPU.Build.0 = Release|Any CPU
	EndGlobalSection
	GlobalSection(SolutionProperties) = preSolution
		HideSolutionNode = FALSE
	EndGlobalSection
	GlobalSection(ExtensibilityGlobals) = postSolution
		SolutionGuid = {E1C4D594-FB0E-4EBB-81C5-EBDD79531711}
	EndGlobalSection
EndGlobal
